
Microsoft Visual Studio Solution File, Format Version 12.00
# Visual Studio Version 16
VisualStudioVersion = 16.0.30204.135
MinimumVisualStudioVersion = 10.0.40219.1
Project("{2150E333-8FDC-42A3-9474-1A3956D46DE8}") = "Lesson4", "Lesson4", "{54C8FB15-7CF7-4962-8DC9-534C18D9402B}"
EndProject
Project("{2150E333-8FDC-42A3-9474-1A3956D46DE8}") = "Lesson7", "Lesson7", "{C7DC2B4A-3EB1-47EE-8EB7-4FC56E706116}"
EndProject
Project("{2150E333-8FDC-42A3-9474-1A3956D46DE8}") = "Lesson8", "Lesson8", "{8E053D2A-C65F-43F9-AAAA-63D04197F52C}"
EndProject
Project("{9A19103F-16F7-4668-BE54-9A1E7A4F7556}") = "Lesson4_Exercise1", "Lesson4\Lesson4_Exercise1\Lesson4_Exercise1.csproj", "{DF84CEDB-BC69-4FEA-BDB0-16CD05F4AD92}"
EndProject
Project("{9A19103F-16F7-4668-BE54-9A1E7A4F7556}") = "Lesson4_Exercise2", "Lesson4\Lesson4_Exercise2\Lesson4_Exercise2.csproj", "{0E97B8BF-290C-42CC-89D1-89334F84217D}"
EndProject
Project("{9A19103F-16F7-4668-BE54-9A1E7A4F7556}") = "Lesson4_Exercise3", "Lesson4\Lesson4_Exercise3\Lesson4_Exercise3.csproj", "{9BEA6BF3-55C4-4C05-800E-13085C9D6604}"
EndProject
Project("{9A19103F-16F7-4668-BE54-9A1E7A4F7556}") = "Lesson4_Exercise4", "Lesson4\Lesson4_Exercise4\Lesson4_Exercise4.csproj", "{59D56138-9783-46D0-9AD0-49F0460918D0}"
EndProject
Project("{9A19103F-16F7-4668-BE54-9A1E7A4F7556}") = "Lesson4_Exercise5", "Lesson4\Lesson4_Exercise5\Lesson4_Exercise5.csproj", "{9C9FAD8E-D573-4D97-BE22-902E995508AF}"
EndProject
Project("{FAE04EC0-301F-11D3-BF4B-00C04F79EFBC}") = "L7_Ex01", "Lesson7\L7_Ex1\L7_Ex01.csproj", "{F72C5E28-771B-49FF-9E1B-E7EBA36C6C2B}"
EndProject
Project("{FAE04EC0-301F-11D3-BF4B-00C04F79EFBC}") = "L7_Ex02", "Lesson7\L7_Ex2\L7_Ex02.csproj", "{9F9EDD24-CE11-4F63-ACA8-45FBA54EFFAB}"
EndProject
Project("{FAE04EC0-301F-11D3-BF4B-00C04F79EFBC}") = "L7_Ex03", "Lesson7\L7_Ex3\L7_Ex03.csproj", "{2E84A055-AD1A-455B-9C76-44DA7C1803FB}"
EndProject
Project("{FAE04EC0-301F-11D3-BF4B-00C04F79EFBC}") = "L7_Ex04", "Lesson7\L7_Ex4\L7_Ex04.csproj", "{F921135C-BCFA-4EB7-B490-B646AFD59538}"
EndProject
Project("{FAE04EC0-301F-11D3-BF4B-00C04F79EFBC}") = "L7_Ex05", "Lesson7\L7_Ex5\L7_Ex05.csproj", "{FF9C3698-54AF-43E5-918A-812DE4C32406}"
EndProject
Project("{FAE04EC0-301F-11D3-BF4B-00C04F79EFBC}") = "L7_Ex06", "Lesson7\L7_Ex6\L7_Ex06.csproj", "{CC2E54ED-91DC-4D9D-8357-54DB01867DEA}"
EndProject
Project("{FAE04EC0-301F-11D3-BF4B-00C04F79EFBC}") = "L7_Ex07", "Lesson7\L7_Ex7\L7_Ex07.csproj", "{E2224A6B-2E68-4FDD-B1A4-6ADE60D6365B}"
EndProject
Project("{FAE04EC0-301F-11D3-BF4B-00C04F79EFBC}") = "L7_Ex08", "Lesson7\L7_Ex8\L7_Ex08.csproj", "{39FD9383-5F9E-4F3A-AABA-B1FA88C3CB54}"
EndProject
Project("{FAE04EC0-301F-11D3-BF4B-00C04F79EFBC}") = "L7_Ex09", "Lesson7\L7_Ex9\L7_Ex09.csproj", "{48425FBE-AFC8-431E-8329-DB5CE9070D34}"
EndProject
Project("{FAE04EC0-301F-11D3-BF4B-00C04F79EFBC}") = "L7_Ex10", "Lesson7\L7_Ex10\L7_Ex10.csproj", "{989B930B-5895-4BD1-B3E7-2D04BAE48ACD}"
EndProject
Project("{FAE04EC0-301F-11D3-BF4B-00C04F79EFBC}") = "L7_Ex11", "Lesson7\L7_Ex11\L7_Ex11.csproj", "{715ECA1A-D352-46B5-86D2-58232CFBE595}"
EndProject
Project("{FAE04EC0-301F-11D3-BF4B-00C04F79EFBC}") = "L7_Ex12", "Lesson7\L7_Ex12\L7_Ex12.csproj", "{1FD65D81-5E82-43DC-B9BA-036D8E12C70D}"
EndProject
Project("{FAE04EC0-301F-11D3-BF4B-00C04F79EFBC}") = "L7_Ex13", "Lesson7\L7_Ex13\L7_Ex13.csproj", "{6F67E34C-A71E-4748-BA54-27EF872602AA}"
EndProject
Project("{FAE04EC0-301F-11D3-BF4B-00C04F79EFBC}") = "L8_Ex01", "Lesson8\L8_Ex01\L8_Ex01.csproj", "{3A8B4881-2C27-4EFD-AA32-EE2371FF2F6B}"
EndProject
Project("{FAE04EC0-301F-11D3-BF4B-00C04F79EFBC}") = "L8_Ex02", "Lesson8\L8_Ex02\L8_Ex02.csproj", "{79C934CA-8AC7-4471-8EBC-15FC967A4DD2}"
EndProject
Project("{FAE04EC0-301F-11D3-BF4B-00C04F79EFBC}") = "L8_Ex03", "Lesson8\L8_Ex03\L8_Ex03.csproj", "{7E8AEB41-7B98-4DF2-B0C4-F485A73BF933}"
EndProject
Project("{FAE04EC0-301F-11D3-BF4B-00C04F79EFBC}") = "L8_Ex04", "Lesson8\L8_Ex04\L8_Ex04.csproj", "{89F1E9BE-48E0-4DE5-8467-57160133178A}"
EndProject
Project("{FAE04EC0-301F-11D3-BF4B-00C04F79EFBC}") = "L8_Ex05", "Lesson8\L8_Ex05\L8_Ex05.csproj", "{F1C5FCDE-6AD5-428D-9DBD-6BB31F3885AD}"
EndProject
Project("{FAE04EC0-301F-11D3-BF4B-00C04F79EFBC}") = "L8_Ex06", "Lesson8\L8_Ex06\L8_Ex06.csproj", "{9A861CC4-C980-439F-8CD6-1A3C0641B9EA}"
EndProject
Project("{FAE04EC0-301F-11D3-BF4B-00C04F79EFBC}") = "L8_Ex07", "Lesson8\L8_Ex07\L8_Ex07.csproj", "{BA3BDA8A-7A4D-4B3E-8F88-DBAF78FCEC1B}"
EndProject
Project("{FAE04EC0-301F-11D3-BF4B-00C04F79EFBC}") = "L8_Ex08", "Lesson8\L8_Ex08\L8_Ex08.csproj", "{7A52565D-7953-46B9-A766-B0D2F3FD5A65}"
EndProject
Project("{FAE04EC0-301F-11D3-BF4B-00C04F79EFBC}") = "L8_Ex09", "Lesson8\L8_Ex09\L8_Ex09.csproj", "{89FED6C4-BFC3-4D87-89B9-3D7D08B22CE5}"
EndProject
Project("{FAE04EC0-301F-11D3-BF4B-00C04F79EFBC}") = "L8_Ex10", "Lesson8\L8_Ex10\L8_Ex10.csproj", "{E7D94691-D4E8-4A4A-AAB1-DF94083159F6}"
EndProject
Global
	GlobalSection(SolutionConfigurationPlatforms) = preSolution
		Debug|Any CPU = Debug|Any CPU
		Release|Any CPU = Release|Any CPU
	EndGlobalSection
	GlobalSection(ProjectConfigurationPlatforms) = postSolution
		{DF84CEDB-BC69-4FEA-BDB0-16CD05F4AD92}.Debug|Any CPU.ActiveCfg = Debug|Any CPU
		{DF84CEDB-BC69-4FEA-BDB0-16CD05F4AD92}.Debug|Any CPU.Build.0 = Debug|Any CPU
		{DF84CEDB-BC69-4FEA-BDB0-16CD05F4AD92}.Release|Any CPU.ActiveCfg = Release|Any CPU
		{DF84CEDB-BC69-4FEA-BDB0-16CD05F4AD92}.Release|Any CPU.Build.0 = Release|Any CPU
		{0E97B8BF-290C-42CC-89D1-89334F84217D}.Debug|Any CPU.ActiveCfg = Debug|Any CPU
		{0E97B8BF-290C-42CC-89D1-89334F84217D}.Debug|Any CPU.Build.0 = Debug|Any CPU
		{0E97B8BF-290C-42CC-89D1-89334F84217D}.Release|Any CPU.ActiveCfg = Release|Any CPU
		{0E97B8BF-290C-42CC-89D1-89334F84217D}.Release|Any CPU.Build.0 = Release|Any CPU
		{9BEA6BF3-55C4-4C05-800E-13085C9D6604}.Debug|Any CPU.ActiveCfg = Debug|Any CPU
		{9BEA6BF3-55C4-4C05-800E-13085C9D6604}.Debug|Any CPU.Build.0 = Debug|Any CPU
		{9BEA6BF3-55C4-4C05-800E-13085C9D6604}.Release|Any CPU.ActiveCfg = Release|Any CPU
		{9BEA6BF3-55C4-4C05-800E-13085C9D6604}.Release|Any CPU.Build.0 = Release|Any CPU
		{59D56138-9783-46D0-9AD0-49F0460918D0}.Debug|Any CPU.ActiveCfg = Debug|Any CPU
		{59D56138-9783-46D0-9AD0-49F0460918D0}.Debug|Any CPU.Build.0 = Debug|Any CPU
		{59D56138-9783-46D0-9AD0-49F0460918D0}.Release|Any CPU.ActiveCfg = Release|Any CPU
		{59D56138-9783-46D0-9AD0-49F0460918D0}.Release|Any CPU.Build.0 = Release|Any CPU
		{9C9FAD8E-D573-4D97-BE22-902E995508AF}.Debug|Any CPU.ActiveCfg = Debug|Any CPU
		{9C9FAD8E-D573-4D97-BE22-902E995508AF}.Debug|Any CPU.Build.0 = Debug|Any CPU
		{9C9FAD8E-D573-4D97-BE22-902E995508AF}.Release|Any CPU.ActiveCfg = Release|Any CPU
		{9C9FAD8E-D573-4D97-BE22-902E995508AF}.Release|Any CPU.Build.0 = Release|Any CPU
		{F72C5E28-771B-49FF-9E1B-E7EBA36C6C2B}.Debug|Any CPU.ActiveCfg = Debug|Any CPU
		{F72C5E28-771B-49FF-9E1B-E7EBA36C6C2B}.Debug|Any CPU.Build.0 = Debug|Any CPU
		{F72C5E28-771B-49FF-9E1B-E7EBA36C6C2B}.Release|Any CPU.ActiveCfg = Release|Any CPU
		{F72C5E28-771B-49FF-9E1B-E7EBA36C6C2B}.Release|Any CPU.Build.0 = Release|Any CPU
		{9F9EDD24-CE11-4F63-ACA8-45FBA54EFFAB}.Debug|Any CPU.ActiveCfg = Debug|Any CPU
		{9F9EDD24-CE11-4F63-ACA8-45FBA54EFFAB}.Debug|Any CPU.Build.0 = Debug|Any CPU
		{9F9EDD24-CE11-4F63-ACA8-45FBA54EFFAB}.Release|Any CPU.ActiveCfg = Release|Any CPU
		{9F9EDD24-CE11-4F63-ACA8-45FBA54EFFAB}.Release|Any CPU.Build.0 = Release|Any CPU
		{2E84A055-AD1A-455B-9C76-44DA7C1803FB}.Debug|Any CPU.ActiveCfg = Debug|Any CPU
		{2E84A055-AD1A-455B-9C76-44DA7C1803FB}.Debug|Any CPU.Build.0 = Debug|Any CPU
		{2E84A055-AD1A-455B-9C76-44DA7C1803FB}.Release|Any CPU.ActiveCfg = Release|Any CPU
		{2E84A055-AD1A-455B-9C76-44DA7C1803FB}.Release|Any CPU.Build.0 = Release|Any CPU
		{F921135C-BCFA-4EB7-B490-B646AFD59538}.Debug|Any CPU.ActiveCfg = Debug|Any CPU
		{F921135C-BCFA-4EB7-B490-B646AFD59538}.Debug|Any CPU.Build.0 = Debug|Any CPU
		{F921135C-BCFA-4EB7-B490-B646AFD59538}.Release|Any CPU.ActiveCfg = Release|Any CPU
		{F921135C-BCFA-4EB7-B490-B646AFD59538}.Release|Any CPU.Build.0 = Release|Any CPU
		{FF9C3698-54AF-43E5-918A-812DE4C32406}.Debug|Any CPU.ActiveCfg = Debug|Any CPU
		{FF9C3698-54AF-43E5-918A-812DE4C32406}.Debug|Any CPU.Build.0 = Debug|Any CPU
		{FF9C3698-54AF-43E5-918A-812DE4C32406}.Release|Any CPU.ActiveCfg = Release|Any CPU
		{FF9C3698-54AF-43E5-918A-812DE4C32406}.Release|Any CPU.Build.0 = Release|Any CPU
		{CC2E54ED-91DC-4D9D-8357-54DB01867DEA}.Debug|Any CPU.ActiveCfg = Debug|Any CPU
		{CC2E54ED-91DC-4D9D-8357-54DB01867DEA}.Debug|Any CPU.Build.0 = Debug|Any CPU
		{CC2E54ED-91DC-4D9D-8357-54DB01867DEA}.Release|Any CPU.ActiveCfg = Release|Any CPU
		{CC2E54ED-91DC-4D9D-8357-54DB01867DEA}.Release|Any CPU.Build.0 = Release|Any CPU
		{E2224A6B-2E68-4FDD-B1A4-6ADE60D6365B}.Debug|Any CPU.ActiveCfg = Debug|Any CPU
		{E2224A6B-2E68-4FDD-B1A4-6ADE60D6365B}.Debug|Any CPU.Build.0 = Debug|Any CPU
		{E2224A6B-2E68-4FDD-B1A4-6ADE60D6365B}.Release|Any CPU.ActiveCfg = Release|Any CPU
		{E2224A6B-2E68-4FDD-B1A4-6ADE60D6365B}.Release|Any CPU.Build.0 = Release|Any CPU
		{39FD9383-5F9E-4F3A-AABA-B1FA88C3CB54}.Debug|Any CPU.ActiveCfg = Debug|Any CPU
		{39FD9383-5F9E-4F3A-AABA-B1FA88C3CB54}.Debug|Any CPU.Build.0 = Debug|Any CPU
		{39FD9383-5F9E-4F3A-AABA-B1FA88C3CB54}.Release|Any CPU.ActiveCfg = Release|Any CPU
		{39FD9383-5F9E-4F3A-AABA-B1FA88C3CB54}.Release|Any CPU.Build.0 = Release|Any CPU
		{48425FBE-AFC8-431E-8329-DB5CE9070D34}.Debug|Any CPU.ActiveCfg = Debug|Any CPU
		{48425FBE-AFC8-431E-8329-DB5CE9070D34}.Debug|Any CPU.Build.0 = Debug|Any CPU
		{48425FBE-AFC8-431E-8329-DB5CE9070D34}.Release|Any CPU.ActiveCfg = Release|Any CPU
		{48425FBE-AFC8-431E-8329-DB5CE9070D34}.Release|Any CPU.Build.0 = Release|Any CPU
		{989B930B-5895-4BD1-B3E7-2D04BAE48ACD}.Debug|Any CPU.ActiveCfg = Debug|Any CPU
		{989B930B-5895-4BD1-B3E7-2D04BAE48ACD}.Debug|Any CPU.Build.0 = Debug|Any CPU
		{989B930B-5895-4BD1-B3E7-2D04BAE48ACD}.Release|Any CPU.ActiveCfg = Release|Any CPU
		{989B930B-5895-4BD1-B3E7-2D04BAE48ACD}.Release|Any CPU.Build.0 = Release|Any CPU
		{715ECA1A-D352-46B5-86D2-58232CFBE595}.Debug|Any CPU.ActiveCfg = Debug|Any CPU
		{715ECA1A-D352-46B5-86D2-58232CFBE595}.Debug|Any CPU.Build.0 = Debug|Any CPU
		{715ECA1A-D352-46B5-86D2-58232CFBE595}.Release|Any CPU.ActiveCfg = Release|Any CPU
		{715ECA1A-D352-46B5-86D2-58232CFBE595}.Release|Any CPU.Build.0 = Release|Any CPU
		{1FD65D81-5E82-43DC-B9BA-036D8E12C70D}.Debug|Any CPU.ActiveCfg = Debug|Any CPU
		{1FD65D81-5E82-43DC-B9BA-036D8E12C70D}.Debug|Any CPU.Build.0 = Debug|Any CPU
		{1FD65D81-5E82-43DC-B9BA-036D8E12C70D}.Release|Any CPU.ActiveCfg = Release|Any CPU
		{1FD65D81-5E82-43DC-B9BA-036D8E12C70D}.Release|Any CPU.Build.0 = Release|Any CPU
		{6F67E34C-A71E-4748-BA54-27EF872602AA}.Debug|Any CPU.ActiveCfg = Debug|Any CPU
		{6F67E34C-A71E-4748-BA54-27EF872602AA}.Debug|Any CPU.Build.0 = Debug|Any CPU
		{6F67E34C-A71E-4748-BA54-27EF872602AA}.Release|Any CPU.ActiveCfg = Release|Any CPU
		{6F67E34C-A71E-4748-BA54-27EF872602AA}.Release|Any CPU.Build.0 = Release|Any CPU
		{3A8B4881-2C27-4EFD-AA32-EE2371FF2F6B}.Debug|Any CPU.ActiveCfg = Debug|Any CPU
		{3A8B4881-2C27-4EFD-AA32-EE2371FF2F6B}.Debug|Any CPU.Build.0 = Debug|Any CPU
		{3A8B4881-2C27-4EFD-AA32-EE2371FF2F6B}.Release|Any CPU.ActiveCfg = Release|Any CPU
		{3A8B4881-2C27-4EFD-AA32-EE2371FF2F6B}.Release|Any CPU.Build.0 = Release|Any CPU
		{79C934CA-8AC7-4471-8EBC-15FC967A4DD2}.Debug|Any CPU.ActiveCfg = Debug|Any CPU
		{79C934CA-8AC7-4471-8EBC-15FC967A4DD2}.Debug|Any CPU.Build.0 = Debug|Any CPU
		{79C934CA-8AC7-4471-8EBC-15FC967A4DD2}.Release|Any CPU.ActiveCfg = Release|Any CPU
		{79C934CA-8AC7-4471-8EBC-15FC967A4DD2}.Release|Any CPU.Build.0 = Release|Any CPU
		{7E8AEB41-7B98-4DF2-B0C4-F485A73BF933}.Debug|Any CPU.ActiveCfg = Debug|Any CPU
		{7E8AEB41-7B98-4DF2-B0C4-F485A73BF933}.Debug|Any CPU.Build.0 = Debug|Any CPU
		{7E8AEB41-7B98-4DF2-B0C4-F485A73BF933}.Release|Any CPU.ActiveCfg = Release|Any CPU
		{7E8AEB41-7B98-4DF2-B0C4-F485A73BF933}.Release|Any CPU.Build.0 = Release|Any CPU
		{89F1E9BE-48E0-4DE5-8467-57160133178A}.Debug|Any CPU.ActiveCfg = Debug|Any CPU
		{89F1E9BE-48E0-4DE5-8467-57160133178A}.Debug|Any CPU.Build.0 = Debug|Any CPU
		{89F1E9BE-48E0-4DE5-8467-57160133178A}.Release|Any CPU.ActiveCfg = Release|Any CPU
		{89F1E9BE-48E0-4DE5-8467-57160133178A}.Release|Any CPU.Build.0 = Release|Any CPU
		{F1C5FCDE-6AD5-428D-9DBD-6BB31F3885AD}.Debug|Any CPU.ActiveCfg = Debug|Any CPU
		{F1C5FCDE-6AD5-428D-9DBD-6BB31F3885AD}.Debug|Any CPU.Build.0 = Debug|Any CPU
		{F1C5FCDE-6AD5-428D-9DBD-6BB31F3885AD}.Release|Any CPU.ActiveCfg = Release|Any CPU
		{F1C5FCDE-6AD5-428D-9DBD-6BB31F3885AD}.Release|Any CPU.Build.0 = Release|Any CPU
		{9A861CC4-C980-439F-8CD6-1A3C0641B9EA}.Debug|Any CPU.ActiveCfg = Debug|Any CPU
		{9A861CC4-C980-439F-8CD6-1A3C0641B9EA}.Debug|Any CPU.Build.0 = Debug|Any CPU
		{9A861CC4-C980-439F-8CD6-1A3C0641B9EA}.Release|Any CPU.ActiveCfg = Release|Any CPU
		{9A861CC4-C980-439F-8CD6-1A3C0641B9EA}.Release|Any CPU.Build.0 = Release|Any CPU
		{BA3BDA8A-7A4D-4B3E-8F88-DBAF78FCEC1B}.Debug|Any CPU.ActiveCfg = Debug|Any CPU
		{BA3BDA8A-7A4D-4B3E-8F88-DBAF78FCEC1B}.Debug|Any CPU.Build.0 = Debug|Any CPU
		{BA3BDA8A-7A4D-4B3E-8F88-DBAF78FCEC1B}.Release|Any CPU.ActiveCfg = Release|Any CPU
		{BA3BDA8A-7A4D-4B3E-8F88-DBAF78FCEC1B}.Release|Any CPU.Build.0 = Release|Any CPU
		{7A52565D-7953-46B9-A766-B0D2F3FD5A65}.Debug|Any CPU.ActiveCfg = Debug|Any CPU
		{7A52565D-7953-46B9-A766-B0D2F3FD5A65}.Debug|Any CPU.Build.0 = Debug|Any CPU
		{7A52565D-7953-46B9-A766-B0D2F3FD5A65}.Release|Any CPU.ActiveCfg = Release|Any CPU
		{7A52565D-7953-46B9-A766-B0D2F3FD5A65}.Release|Any CPU.Build.0 = Release|Any CPU
		{89FED6C4-BFC3-4D87-89B9-3D7D08B22CE5}.Debug|Any CPU.ActiveCfg = Debug|Any CPU
		{89FED6C4-BFC3-4D87-89B9-3D7D08B22CE5}.Debug|Any CPU.Build.0 = Debug|Any CPU
		{89FED6C4-BFC3-4D87-89B9-3D7D08B22CE5}.Release|Any CPU.ActiveCfg = Release|Any CPU
		{89FED6C4-BFC3-4D87-89B9-3D7D08B22CE5}.Release|Any CPU.Build.0 = Release|Any CPU
		{E7D94691-D4E8-4A4A-AAB1-DF94083159F6}.Debug|Any CPU.ActiveCfg = Debug|Any CPU
		{E7D94691-D4E8-4A4A-AAB1-DF94083159F6}.Debug|Any CPU.Build.0 = Debug|Any CPU
		{E7D94691-D4E8-4A4A-AAB1-DF94083159F6}.Release|Any CPU.ActiveCfg = Release|Any CPU
		{E7D94691-D4E8-4A4A-AAB1-DF94083159F6}.Release|Any CPU.Build.0 = Release|Any CPU
	EndGlobalSection
	GlobalSection(SolutionProperties) = preSolution
		HideSolutionNode = FALSE
	EndGlobalSection
	GlobalSection(NestedProjects) = preSolution
		{DF84CEDB-BC69-4FEA-BDB0-16CD05F4AD92} = {54C8FB15-7CF7-4962-8DC9-534C18D9402B}
		{0E97B8BF-290C-42CC-89D1-89334F84217D} = {54C8FB15-7CF7-4962-8DC9-534C18D9402B}
		{9BEA6BF3-55C4-4C05-800E-13085C9D6604} = {54C8FB15-7CF7-4962-8DC9-534C18D9402B}
		{59D56138-9783-46D0-9AD0-49F0460918D0} = {54C8FB15-7CF7-4962-8DC9-534C18D9402B}
		{9C9FAD8E-D573-4D97-BE22-902E995508AF} = {54C8FB15-7CF7-4962-8DC9-534C18D9402B}
		{F72C5E28-771B-49FF-9E1B-E7EBA36C6C2B} = {C7DC2B4A-3EB1-47EE-8EB7-4FC56E706116}
		{9F9EDD24-CE11-4F63-ACA8-45FBA54EFFAB} = {C7DC2B4A-3EB1-47EE-8EB7-4FC56E706116}
		{2E84A055-AD1A-455B-9C76-44DA7C1803FB} = {C7DC2B4A-3EB1-47EE-8EB7-4FC56E706116}
		{F921135C-BCFA-4EB7-B490-B646AFD59538} = {C7DC2B4A-3EB1-47EE-8EB7-4FC56E706116}
		{FF9C3698-54AF-43E5-918A-812DE4C32406} = {C7DC2B4A-3EB1-47EE-8EB7-4FC56E706116}
		{CC2E54ED-91DC-4D9D-8357-54DB01867DEA} = {C7DC2B4A-3EB1-47EE-8EB7-4FC56E706116}
		{E2224A6B-2E68-4FDD-B1A4-6ADE60D6365B} = {C7DC2B4A-3EB1-47EE-8EB7-4FC56E706116}
		{39FD9383-5F9E-4F3A-AABA-B1FA88C3CB54} = {C7DC2B4A-3EB1-47EE-8EB7-4FC56E706116}
		{48425FBE-AFC8-431E-8329-DB5CE9070D34} = {C7DC2B4A-3EB1-47EE-8EB7-4FC56E706116}
		{989B930B-5895-4BD1-B3E7-2D04BAE48ACD} = {C7DC2B4A-3EB1-47EE-8EB7-4FC56E706116}
		{715ECA1A-D352-46B5-86D2-58232CFBE595} = {C7DC2B4A-3EB1-47EE-8EB7-4FC56E706116}
		{1FD65D81-5E82-43DC-B9BA-036D8E12C70D} = {C7DC2B4A-3EB1-47EE-8EB7-4FC56E706116}
		{6F67E34C-A71E-4748-BA54-27EF872602AA} = {C7DC2B4A-3EB1-47EE-8EB7-4FC56E706116}
		{3A8B4881-2C27-4EFD-AA32-EE2371FF2F6B} = {8E053D2A-C65F-43F9-AAAA-63D04197F52C}
		{79C934CA-8AC7-4471-8EBC-15FC967A4DD2} = {8E053D2A-C65F-43F9-AAAA-63D04197F52C}
		{7E8AEB41-7B98-4DF2-B0C4-F485A73BF933} = {8E053D2A-C65F-43F9-AAAA-63D04197F52C}
		{89F1E9BE-48E0-4DE5-8467-57160133178A} = {8E053D2A-C65F-43F9-AAAA-63D04197F52C}
		{F1C5FCDE-6AD5-428D-9DBD-6BB31F3885AD} = {8E053D2A-C65F-43F9-AAAA-63D04197F52C}
		{9A861CC4-C980-439F-8CD6-1A3C0641B9EA} = {8E053D2A-C65F-43F9-AAAA-63D04197F52C}
		{BA3BDA8A-7A4D-4B3E-8F88-DBAF78FCEC1B} = {8E053D2A-C65F-43F9-AAAA-63D04197F52C}
		{7A52565D-7953-46B9-A766-B0D2F3FD5A65} = {8E053D2A-C65F-43F9-AAAA-63D04197F52C}
		{89FED6C4-BFC3-4D87-89B9-3D7D08B22CE5} = {8E053D2A-C65F-43F9-AAAA-63D04197F52C}
		{E7D94691-D4E8-4A4A-AAB1-DF94083159F6} = {8E053D2A-C65F-43F9-AAAA-63D04197F52C}
	EndGlobalSection
	GlobalSection(ExtensibilityGlobals) = postSolution
		SolutionGuid = {5081D801-E588-4391-B2D2-E35644E7A4B6}
	EndGlobalSection
EndGlobal
